// !$*UTF8*$!
{
	archiveVersion = 1;
	classes = {
	};
	objectVersion = 51;
	objects = {

/* Begin PBXBuildFile section */
		F314A02A2259F2380057826F /* AppDelegate.swift in Sources */ = {isa = PBXBuildFile; fileRef = F314A0292259F2380057826F /* AppDelegate.swift */; };
		F314A02C2259F2380057826F /* MainViewController.swift in Sources */ = {isa = PBXBuildFile; fileRef = F314A02B2259F2380057826F /* MainViewController.swift */; };
		F314A0312259F2390057826F /* Assets.xcassets in Resources */ = {isa = PBXBuildFile; fileRef = F314A0302259F2390057826F /* Assets.xcassets */; };
		F314A03C2259F3FA0057826F /* ClockView.swift in Sources */ = {isa = PBXBuildFile; fileRef = F314A03B2259F3FA0057826F /* ClockView.swift */; };
		F314A03E2259F4350057826F /* Pieces.swift in Sources */ = {isa = PBXBuildFile; fileRef = F314A03D2259F4350057826F /* Pieces.swift */; };
		F37D46DC225B14D700585660 /* snap1.wav in Resources */ = {isa = PBXBuildFile; fileRef = F37D46DA225B14D700585660 /* snap1.wav */; };
		F37D46DD225B14D700585660 /* snap2.wav in Resources */ = {isa = PBXBuildFile; fileRef = F37D46DB225B14D700585660 /* snap2.wav */; };
		F37D46E0225B170200585660 /* ticktock.wav in Resources */ = {isa = PBXBuildFile; fileRef = F37D46DF225B170200585660 /* ticktock.wav */; };
/* End PBXBuildFile section */

/* Begin PBXFileReference section */
		F314A0262259F2380057826F /* ChessClock.app */ = {isa = PBXFileReference; explicitFileType = wrapper.application; includeInIndex = 0; path = ChessClock.app; sourceTree = BUILT_PRODUCTS_DIR; };
		F314A0292259F2380057826F /* AppDelegate.swift */ = {isa = PBXFileReference; lastKnownFileType = sourcecode.swift; path = AppDelegate.swift; sourceTree = "<group>"; };
		F314A02B2259F2380057826F /* MainViewController.swift */ = {isa = PBXFileReference; lastKnownFileType = sourcecode.swift; path = MainViewController.swift; sourceTree = "<group>"; };
		F314A0302259F2390057826F /* Assets.xcassets */ = {isa = PBXFileReference; lastKnownFileType = folder.assetcatalog; path = Assets.xcassets; sourceTree = "<group>"; };
		F314A0352259F2390057826F /* Info.plist */ = {isa = PBXFileReference; lastKnownFileType = text.plist.xml; path = Info.plist; sourceTree = "<group>"; };
		F314A03B2259F3FA0057826F /* ClockView.swift */ = {isa = PBXFileReference; lastKnownFileType = sourcecode.swift; path = ClockView.swift; sourceTree = "<group>"; };
		F314A03D2259F4350057826F /* Pieces.swift */ = {isa = PBXFileReference; lastKnownFileType = sourcecode.swift; path = Pieces.swift; sourceTree = "<group>"; };
		F37D46DA225B14D700585660 /* snap1.wav */ = {isa = PBXFileReference; lastKnownFileType = audio.wav; path = snap1.wav; sourceTree = "<group>"; };
		F37D46DB225B14D700585660 /* snap2.wav */ = {isa = PBXFileReference; lastKnownFileType = audio.wav; path = snap2.wav; sourceTree = "<group>"; };
		F37D46DF225B170200585660 /* ticktock.wav */ = {isa = PBXFileReference; lastKnownFileType = audio.wav; path = ticktock.wav; sourceTree = "<group>"; };
/* End PBXFileReference section */

/* Begin PBXFrameworksBuildPhase section */
		F314A0232259F2380057826F /* Frameworks */ = {
			isa = PBXFrameworksBuildPhase;
			buildActionMask = 2147483647;
			files = (
			);
			runOnlyForDeploymentPostprocessing = 0;
		};
/* End PBXFrameworksBuildPhase section */

/* Begin PBXGroup section */
		F314A01D2259F2380057826F = {
			isa = PBXGroup;
			children = (
				F314A0282259F2380057826F /* ChessClock */,
				F314A0272259F2380057826F /* Products */,
			);
			sourceTree = "<group>";
		};
		F314A0272259F2380057826F /* Products */ = {
			isa = PBXGroup;
			children = (
				F314A0262259F2380057826F /* ChessClock.app */,
			);
			name = Products;
			sourceTree = "<group>";
		};
		F314A0282259F2380057826F /* ChessClock */ = {
			isa = PBXGroup;
			children = (
				F37D46DF225B170200585660 /* ticktock.wav */,
				F37D46DA225B14D700585660 /* snap1.wav */,
				F37D46DB225B14D700585660 /* snap2.wav */,
				F314A0292259F2380057826F /* AppDelegate.swift */,
				F314A02B2259F2380057826F /* MainViewController.swift */,
				F314A0302259F2390057826F /* Assets.xcassets */,
				F314A0352259F2390057826F /* Info.plist */,
				F314A03B2259F3FA0057826F /* ClockView.swift */,
				F314A03D2259F4350057826F /* Pieces.swift */,
			);
			path = ChessClock;
			sourceTree = "<group>";
		};
/* End PBXGroup section */

/* Begin PBXNativeTarget section */
		F314A0252259F2380057826F /* ChessClock */ = {
			isa = PBXNativeTarget;
			buildConfigurationList = F314A0382259F2390057826F /* Build configuration list for PBXNativeTarget "ChessClock" */;
			buildPhases = (
				F314A0222259F2380057826F /* Sources */,
				F314A0232259F2380057826F /* Frameworks */,
				F314A0242259F2380057826F /* Resources */,
			);
			buildRules = (
			);
			dependencies = (
			);
			name = ChessClock;
			productName = ChessClock;
			productReference = F314A0262259F2380057826F /* ChessClock.app */;
			productType = "com.apple.product-type.application";
		};
/* End PBXNativeTarget section */

/* Begin PBXProject section */
		F314A01E2259F2380057826F /* Project object */ = {
			isa = PBXProject;
			attributes = {
				LastSwiftUpdateCheck = 1020;
				LastUpgradeCheck = 1020;
				ORGANIZATIONNAME = "Will Bailey";
				TargetAttributes = {
					F314A0252259F2380057826F = {
						CreatedOnToolsVersion = 10.2;
					};
				};
			};
			buildConfigurationList = F314A0212259F2380057826F /* Build configuration list for PBXProject "ChessClock" */;
			compatibilityVersion = "Xcode 10.0";
			developmentRegion = en;
			hasScannedForEncodings = 0;
			knownRegions = (
				en,
				Base,
			);
			mainGroup = F314A01D2259F2380057826F;
			productRefGroup = F314A0272259F2380057826F /* Products */;
			projectDirPath = "";
			projectRoot = "";
			targets = (
				F314A0252259F2380057826F /* ChessClock */,
			);
		};
/* End PBXProject section */

/* Begin PBXResourcesBuildPhase section */
		F314A0242259F2380057826F /* Resources */ = {
			isa = PBXResourcesBuildPhase;
			buildActionMask = 2147483647;
			files = (
				F37D46E0225B170200585660 /* ticktock.wav in Resources */,
				F37D46DC225B14D700585660 /* snap1.wav in Resources */,
				F37D46DD225B14D700585660 /* snap2.wav in Resources */,
				F314A0312259F2390057826F /* Assets.xcassets in Resources */,
			);
			runOnlyForDeploymentPostprocessing = 0;
		};
/* End PBXResourcesBuildPhase section */

/* Begin PBXSourcesBuildPhase section */
		F314A0222259F2380057826F /* Sources */ = {
			isa = PBXSourcesBuildPhase;
			buildActionMask = 2147483647;
			files = (
				F314A03E2259F4350057826F /* Pieces.swift in Sources */,
				F314A02C2259F2380057826F /* MainViewController.swift in Sources */,
				F314A02A2259F2380057826F /* AppDelegate.swift in Sources */,
				F314A03C2259F3FA0057826F /* ClockView.swift in Sources */,
			);
			runOnlyForDeploymentPostprocessing = 0;
		};
/* End PBXSourcesBuildPhase section */

/* Begin XCBuildConfiguration section */
		F314A0362259F2390057826F /* Debug */ = {
			isa = XCBuildConfiguration;
			buildSettings = {
				ALWAYS_SEARCH_USER_PATHS = NO;
				CLANG_ANALYZER_NONNULL = YES;
				CLANG_ANALYZER_NUMBER_OBJECT_CONVERSION = YES_AGGRESSIVE;
				CLANG_CXX_LANGUAGE_STANDARD = "gnu++14";
				CLANG_CXX_LIBRARY = "libc++";
				CLANG_ENABLE_MODULES = YES;
				CLANG_ENABLE_OBJC_ARC = YES;
				CLANG_ENABLE_OBJC_WEAK = YES;
				CLANG_WARN_BLOCK_CAPTURE_AUTORELEASING = YES;
				CLANG_WARN_BOOL_CONVERSION = YES;
				CLANG_WARN_COMMA = YES;
				CLANG_WARN_CONSTANT_CONVERSION = YES;
				CLANG_WARN_DEPRECATED_OBJC_IMPLEMENTATIONS = YES;
				CLANG_WARN_DIRECT_OBJC_ISA_USAGE = YES_ERROR;
				CLANG_WARN_DOCUMENTATION_COMMENTS = YES;
				CLANG_WARN_EMPTY_BODY = YES;
				CLANG_WARN_ENUM_CONVERSION = YES;
				CLANG_WARN_INFINITE_RECURSION = YES;
				CLANG_WARN_INT_CONVERSION = YES;
				CLANG_WARN_NON_LITERAL_NULL_CONVERSION = YES;
				CLANG_WARN_OBJC_IMPLICIT_RETAIN_SELF = YES;
				CLANG_WARN_OBJC_LITERAL_CONVERSION = YES;
				CLANG_WARN_OBJC_ROOT_CLASS = YES_ERROR;
				CLANG_WARN_RANGE_LOOP_ANALYSIS = YES;
				CLANG_WARN_STRICT_PROTOTYPES = YES;
				CLANG_WARN_SUSPICIOUS_MOVE = YES;
				CLANG_WARN_UNGUARDED_AVAILABILITY = YES_AGGRESSIVE;
				CLANG_WARN_UNREACHABLE_CODE = YES;
				CLANG_WARN__DUPLICATE_METHOD_MATCH = YES;
				CODE_SIGN_IDENTITY = "iPhone Developer";
				COPY_PHASE_STRIP = NO;
				DEBUG_INFORMATION_FORMAT = dwarf;
				ENABLE_STRICT_OBJC_MSGSEND = YES;
				ENABLE_TESTABILITY = YES;
				GCC_C_LANGUAGE_STANDARD = gnu11;
				GCC_DYNAMIC_NO_PIC = NO;
				GCC_NO_COMMON_BLOCKS = YES;
				GCC_OPTIMIZATION_LEVEL = 0;
				GCC_PREPROCESSOR_DEFINITIONS = (
					"DEBUG=1",
					"$(inherited)",
				);
				GCC_WARN_64_TO_32_BIT_CONVERSION = YES;
				GCC_WARN_ABOUT_RETURN_TYPE = YES_ERROR;
				GCC_WARN_UNDECLARED_SELECTOR = YES;
				GCC_WARN_UNINITIALIZED_AUTOS = YES_AGGRESSIVE;
				GCC_WARN_UNUSED_FUNCTION = YES;
				GCC_WARN_UNUSED_VARIABLE = YES;
				IPHONEOS_DEPLOYMENT_TARGET = 12.2;
				MTL_ENABLE_DEBUG_INFO = INCLUDE_SOURCE;
				MTL_FAST_MATH = YES;
				ONLY_ACTIVE_ARCH = YES;
				SDKROOT = iphoneos;
				SWIFT_ACTIVE_COMPILATION_CONDITIONS = DEBUG;
				SWIFT_OPTIMIZATION_LEVEL = "-Onone";
			};
			name = Debug;
		};
		F314A0372259F2390057826F /* Release */ = {
			isa = XCBuildConfiguration;
			buildSettings = {
				ALWAYS_SEARCH_USER_PATHS = NO;
				CLANG_ANALYZER_NONNULL = YES;
				CLANG_ANALYZER_NUMBER_OBJECT_CONVERSION = YES_AGGRESSIVE;
				CLANG_CXX_LANGUAGE_STANDARD = "gnu++14";
				CLANG_CXX_LIBRARY = "libc++";
				CLANG_ENABLE_MODULES = YES;
				CLANG_ENABLE_OBJC_ARC = YES;
				CLANG_ENABLE_OBJC_WEAK = YES;
				CLANG_WARN_BLOCK_CAPTURE_AUTORELEASING = YES;
				CLANG_WARN_BOOL_CONVERSION = YES;
				CLANG_WARN_COMMA = YES;
				CLANG_WARN_CONSTANT_CONVERSION = YES;
				CLANG_WARN_DEPRECATED_OBJC_IMPLEMENTATIONS = YES;
				CLANG_WARN_DIRECT_OBJC_ISA_USAGE = YES_ERROR;
				CLANG_WARN_DOCUMENTATION_COMMENTS = YES;
				CLANG_WARN_EMPTY_BODY = YES;
				CLANG_WARN_ENUM_CONVERSION = YES;
				CLANG_WARN_INFINITE_RECURSION = YES;
				CLANG_WARN_INT_CONVERSION = YES;
				CLANG_WARN_NON_LITERAL_NULL_CONVERSION = YES;
				CLANG_WARN_OBJC_IMPLICIT_RETAIN_SELF = YES;
				CLANG_WARN_OBJC_LITERAL_CONVERSION = YES;
				CLANG_WARN_OBJC_ROOT_CLASS = YES_ERROR;
				CLANG_WARN_RANGE_LOOP_ANALYSIS = YES;
				CLANG_WARN_STRICT_PROTOTYPES = YES;
				CLANG_WARN_SUSPICIOUS_MOVE = YES;
				CLANG_WARN_UNGUARDED_AVAILABILITY = YES_AGGRESSIVE;
				CLANG_WARN_UNREACHABLE_CODE = YES;
				CLANG_WARN__DUPLICATE_METHOD_MATCH = YES;
				CODE_SIGN_IDENTITY = "iPhone Developer";
				COPY_PHASE_STRIP = NO;
				DEBUG_INFORMATION_FORMAT = "dwarf-with-dsym";
				ENABLE_NS_ASSERTIONS = NO;
				ENABLE_STRICT_OBJC_MSGSEND = YES;
				GCC_C_LANGUAGE_STANDARD = gnu11;
				GCC_NO_COMMON_BLOCKS = YES;
				GCC_WARN_64_TO_32_BIT_CONVERSION = YES;
				GCC_WARN_ABOUT_RETURN_TYPE = YES_ERROR;
				GCC_WARN_UNDECLARED_SELECTOR = YES;
				GCC_WARN_UNINITIALIZED_AUTOS = YES_AGGRESSIVE;
				GCC_WARN_UNUSED_FUNCTION = YES;
				GCC_WARN_UNUSED_VARIABLE = YES;
				IPHONEOS_DEPLOYMENT_TARGET = 12.2;
				MTL_ENABLE_DEBUG_INFO = NO;
				MTL_FAST_MATH = YES;
				SDKROOT = iphoneos;
				SWIFT_COMPILATION_MODE = wholemodule;
				SWIFT_OPTIMIZATION_LEVEL = "-O";
				VALIDATE_PRODUCT = YES;
			};
			name = Release;
		};
		F314A0392259F2390057826F /* Debug */ = {
			isa = XCBuildConfiguration;
			buildSettings = {
				ASSETCATALOG_COMPILER_APPICON_NAME = AppIcon;
				CODE_SIGN_STYLE = Automatic;
				DEVELOPMENT_TEAM = 394JJ7V545;
				INFOPLIST_FILE = ChessClock/Info.plist;
				LD_RUNPATH_SEARCH_PATHS = (
					"$(inherited)",
					"@executable_path/Frameworks",
				);
				PRODUCT_BUNDLE_IDENTIFIER = chillco.ChessClock;
				PRODUCT_NAME = "$(TARGET_NAME)";
				SWIFT_VERSION = 5.0;
				TARGETED_DEVICE_FAMILY = 1;
			};
			name = Debug;
		};
		F314A03A2259F2390057826F /* Release */ = {
			isa = XCBuildConfiguration;
			buildSettings = {
				ASSETCATALOG_COMPILER_APPICON_NAME = AppIcon;
				CODE_SIGN_STYLE = Automatic;
				DEVELOPMENT_TEAM = 394JJ7V545;
				INFOPLIST_FILE = ChessClock/Info.plist;
				LD_RUNPATH_SEARCH_PATHS = (
					"$(inherited)",
					"@executable_path/Frameworks",
				);
				PRODUCT_BUNDLE_IDENTIFIER = chillco.ChessClock;
				PRODUCT_NAME = "$(TARGET_NAME)";
				SWIFT_VERSION = 5.0;
				TARGETED_DEVICE_FAMILY = 1;
			};
			name = Release;
		};
/* End XCBuildConfiguration section */

/* Begin XCConfigurationList section */
		F314A0212259F2380057826F /* Build configuration list for PBXProject "ChessClock" */ = {
			isa = XCConfigurationList;
			buildConfigurations = (
				F314A0362259F2390057826F /* Debug */,
				F314A0372259F2390057826F /* Release */,
			);
			defaultConfigurationIsVisible = 0;
			defaultConfigurationName = Release;
		};
		F314A0382259F2390057826F /* Build configuration list for PBXNativeTarget "ChessClock" */ = {
			isa = XCConfigurationList;
			buildConfigurations = (
				F314A0392259F2390057826F /* Debug */,
				F314A03A2259F2390057826F /* Release */,
			);
			defaultConfigurationIsVisible = 0;
			defaultConfigurationName = Release;
		};
/* End XCConfigurationList section */
	};
	rootObject = F314A01E2259F2380057826F /* Project object */;
}
